{
  "version": 4,
  "terraform_version": "1.12.2",
  "serial": 82,
  "lineage": "235f4c78-6612-7807-0850-99ef4d815f9f",
  "outputs": {},
  "resources": [
    {
      "mode": "managed",
      "type": "azurerm_container_app_environment",
      "name": "env",
      "provider": "provider[\"registry.terraform.io/hashicorp/azurerm\"]",
      "instances": [
        {
          "schema_version": 0,
          "attributes": {
            "dapr_application_insights_connection_string": "",
            "default_domain": "livelycliff-230c928d.francecentral.azurecontainerapps.io",
            "docker_bridge_cidr": "",
            "id": "/subscriptions/8751967a-6d07-4ba9-ab04-ffc9bfdef46d/resourceGroups/stucents-staging-rg/providers/Microsoft.App/managedEnvironments/stucents-staging-env",
            "infrastructure_subnet_id": "",
            "internal_load_balancer_enabled": false,
            "location": "francecentral",
            "log_analytics_workspace_id": "/subscriptions/8751967a-6d07-4ba9-ab04-ffc9bfdef46d/resourceGroups/stucents-staging-rg/providers/Microsoft.OperationalInsights/workspaces/stucents-staging-logs",
            "name": "stucents-staging-env",
            "platform_reserved_cidr": "",
            "platform_reserved_dns_ip_address": "",
            "resource_group_name": "stucents-staging-rg",
            "static_ip_address": "172.189.91.86",
            "tags": {},
            "timeouts": null,
            "zone_redundancy_enabled": false
          },
          "sensitive_attributes": [
            [
              {
                "type": "get_attr",
                "value": "dapr_application_insights_connection_string"
              }
            ]
          ],
          "identity_schema_version": 0,
          "private": "eyJlMmJmYjczMC1lY2FhLTExZTYtOGY4OC0zNDM2M2JjN2M0YzAiOnsiY3JlYXRlIjoxODAwMDAwMDAwMDAwLCJkZWxldGUiOjE4MDAwMDAwMDAwMDAsInJlYWQiOjMwMDAwMDAwMDAwMCwidXBkYXRlIjoxODAwMDAwMDAwMDAwfX0=",
          "dependencies": [
            "azurerm_log_analytics_workspace.logs",
            "azurerm_resource_group.rg"
          ]
        }
      ]
    },
    {
      "mode": "managed",
      "type": "azurerm_container_registry",
      "name": "acr",
      "provider": "provider[\"registry.terraform.io/hashicorp/azurerm\"]",
      "instances": [
        {
          "schema_version": 2,
          "attributes": {
            "admin_enabled": true,
            "admin_password": "CAoK61qy6QjU8oC/zcrTqzRdk/27ORasg6yUDP6Xmb+ACRCuH6yR",
            "admin_username": "stucentsregistrystaging",
            "anonymous_pull_enabled": false,
            "data_endpoint_enabled": false,
            "encryption": [
              {
                "enabled": false,
                "identity_client_id": "",
                "key_vault_key_id": ""
              }
            ],
            "export_policy_enabled": true,
            "georeplications": [],
            "id": "/subscriptions/8751967a-6d07-4ba9-ab04-ffc9bfdef46d/resourceGroups/stucents-staging-rg/providers/Microsoft.ContainerRegistry/registries/stucentsregistrystaging",
            "identity": [],
            "location": "francecentral",
            "login_server": "stucentsregistrystaging.azurecr.io",
            "name": "stucentsregistrystaging",
            "network_rule_bypass_option": "AzureServices",
            "network_rule_set": [],
            "public_network_access_enabled": true,
            "quarantine_policy_enabled": false,
            "resource_group_name": "stucents-staging-rg",
            "retention_policy": [
              {
                "days": 7,
                "enabled": false
              }
            ],
            "sku": "Basic",
            "tags": {},
            "timeouts": null,
            "trust_policy": [
              {
                "enabled": false
              }
            ],
            "zone_redundancy_enabled": false
          },
          "sensitive_attributes": [
            [
              {
                "type": "get_attr",
                "value": "admin_password"
              }
            ]
          ],
          "identity_schema_version": 0,
          "private": "eyJlMmJmYjczMC1lY2FhLTExZTYtOGY4OC0zNDM2M2JjN2M0YzAiOnsiY3JlYXRlIjoxODAwMDAwMDAwMDAwLCJkZWxldGUiOjE4MDAwMDAwMDAwMDAsInJlYWQiOjMwMDAwMDAwMDAwMCwidXBkYXRlIjoxODAwMDAwMDAwMDAwfSwic2NoZW1hX3ZlcnNpb24iOiIyIn0=",
          "dependencies": [
            "azurerm_resource_group.rg"
          ]
        }
      ]
    },
    {
      "mode": "managed",
      "type": "azurerm_log_analytics_workspace",
      "name": "logs",
      "provider": "provider[\"registry.terraform.io/hashicorp/azurerm\"]",
      "instances": [
        {
          "schema_version": 3,
          "attributes": {
            "allow_resource_only_permissions": true,
            "cmk_for_query_forced": false,
            "daily_quota_gb": -1,
            "data_collection_rule_id": "",
            "id": "/subscriptions/8751967a-6d07-4ba9-ab04-ffc9bfdef46d/resourceGroups/stucents-staging-rg/providers/Microsoft.OperationalInsights/workspaces/stucents-staging-logs",
            "internet_ingestion_enabled": true,
            "internet_query_enabled": true,
            "local_authentication_disabled": false,
            "location": "francecentral",
            "name": "stucents-staging-logs",
            "primary_shared_key": "n/73/klgxSydBe+lFY1IDCQD0eFx4mUSRBM421ukhxxxBVCinPgSSkupC31j/InNduMZMfMfieTOH53am9ZMsg==",
            "reservation_capacity_in_gb_per_day": null,
            "resource_group_name": "stucents-staging-rg",
            "retention_in_days": 30,
            "secondary_shared_key": "XBFhyKtjvDU0Rd51vdia943D9taNlQ61n8xOixEkIKz+4RQ/nt9VIq+pa1160WcahKwsxcinVFA4nG0nrnK9/w==",
            "sku": "PerGB2018",
            "tags": {},
            "timeouts": null,
            "workspace_id": "778d3067-3913-4a76-86fe-bf5e7952cab3"
          },
          "sensitive_attributes": [
            [
              {
                "type": "get_attr",
                "value": "primary_shared_key"
              }
            ],
            [
              {
                "type": "get_attr",
                "value": "secondary_shared_key"
              }
            ]
          ],
          "identity_schema_version": 0,
          "private": "eyJlMmJmYjczMC1lY2FhLTExZTYtOGY4OC0zNDM2M2JjN2M0YzAiOnsiY3JlYXRlIjoxODAwMDAwMDAwMDAwLCJkZWxldGUiOjE4MDAwMDAwMDAwMDAsInJlYWQiOjMwMDAwMDAwMDAwMCwidXBkYXRlIjoxODAwMDAwMDAwMDAwfSwic2NoZW1hX3ZlcnNpb24iOiIzIn0=",
          "dependencies": [
            "azurerm_resource_group.rg"
          ]
        }
      ]
    },
    {
      "mode": "managed",
      "type": "azurerm_resource_group",
      "name": "rg",
      "provider": "provider[\"registry.terraform.io/hashicorp/azurerm\"]",
      "instances": [
        {
          "schema_version": 0,
          "attributes": {
            "id": "/subscriptions/8751967a-6d07-4ba9-ab04-ffc9bfdef46d/resourceGroups/stucents-staging-rg",
            "location": "francecentral",
            "managed_by": "",
            "name": "stucents-staging-rg",
            "tags": {},
            "timeouts": null
          },
          "sensitive_attributes": [],
          "identity_schema_version": 0,
          "private": "eyJlMmJmYjczMC1lY2FhLTExZTYtOGY4OC0zNDM2M2JjN2M0YzAiOnsiY3JlYXRlIjo1NDAwMDAwMDAwMDAwLCJkZWxldGUiOjU0MDAwMDAwMDAwMDAsInJlYWQiOjMwMDAwMDAwMDAwMCwidXBkYXRlIjo1NDAwMDAwMDAwMDAwfSwic2NoZW1hX3ZlcnNpb24iOiIwIn0="
        }
      ]
    },
    {
      "mode": "managed",
      "type": "azurerm_role_assignment",
      "name": "acr_pull",
      "provider": "provider[\"registry.terraform.io/hashicorp/azurerm\"]",
      "instances": [
        {
          "schema_version": 0,
          "attributes": {
            "condition": "",
            "condition_version": "",
            "delegated_managed_identity_resource_id": "",
            "description": "",
            "id": "/subscriptions/8751967a-6d07-4ba9-ab04-ffc9bfdef46d/resourceGroups/stucents-staging-rg/providers/Microsoft.ContainerRegistry/registries/stucentsregistrystaging/providers/Microsoft.Authorization/roleAssignments/7cf94538-ffed-f032-93c8-a62e8c999325",
            "name": "7cf94538-ffed-f032-93c8-a62e8c999325",
            "principal_id": "e11945c2-8a9f-44f5-b502-dc86386a0a29",
            "principal_type": "ServicePrincipal",
            "role_definition_id": "/subscriptions/8751967a-6d07-4ba9-ab04-ffc9bfdef46d/providers/Microsoft.Authorization/roleDefinitions/7f951dda-4ed3-4680-a7ca-43fe172d538d",
            "role_definition_name": "AcrPull",
            "scope": "/subscriptions/8751967a-6d07-4ba9-ab04-ffc9bfdef46d/resourceGroups/stucents-staging-rg/providers/Microsoft.ContainerRegistry/registries/stucentsregistrystaging",
            "skip_service_principal_aad_check": null,
            "timeouts": null
          },
          "sensitive_attributes": [],
          "identity_schema_version": 0,
          "private": "eyJlMmJmYjczMC1lY2FhLTExZTYtOGY4OC0zNDM2M2JjN2M0YzAiOnsiY3JlYXRlIjoxODAwMDAwMDAwMDAwLCJkZWxldGUiOjE4MDAwMDAwMDAwMDAsInJlYWQiOjMwMDAwMDAwMDAwMCwidXBkYXRlIjoxODAwMDAwMDAwMDAwfX0=",
          "dependencies": [
            "azurerm_container_registry.acr",
            "azurerm_resource_group.rg",
            "azurerm_user_assigned_identity.identity"
          ]
        }
      ]
    },
    {
      "mode": "managed",
      "type": "azurerm_user_assigned_identity",
      "name": "identity",
      "provider": "provider[\"registry.terraform.io/hashicorp/azurerm\"]",
      "instances": [
        {
          "schema_version": 1,
          "attributes": {
            "client_id": "d2393f18-655c-482f-9f6b-1c502cebe3f9",
            "id": "/subscriptions/8751967a-6d07-4ba9-ab04-ffc9bfdef46d/resourceGroups/stucents-staging-rg/providers/Microsoft.ManagedIdentity/userAssignedIdentities/stucents-staging-identity",
            "location": "francecentral",
            "name": "stucents-staging-identity",
            "principal_id": "e11945c2-8a9f-44f5-b502-dc86386a0a29",
            "resource_group_name": "stucents-staging-rg",
            "tags": {},
            "tenant_id": "ba80b595-85af-487e-8fa7-7bae5de8e4bb",
            "timeouts": null
          },
          "sensitive_attributes": [],
          "identity_schema_version": 0,
          "private": "eyJlMmJmYjczMC1lY2FhLTExZTYtOGY4OC0zNDM2M2JjN2M0YzAiOnsiY3JlYXRlIjoxODAwMDAwMDAwMDAwLCJkZWxldGUiOjE4MDAwMDAwMDAwMDAsInJlYWQiOjMwMDAwMDAwMDAwMCwidXBkYXRlIjoxODAwMDAwMDAwMDAwfSwic2NoZW1hX3ZlcnNpb24iOiIxIn0=",
          "dependencies": [
            "azurerm_resource_group.rg"
          ]
        }
      ]
    }
  ],
  "check_results": null
}
